
Microsoft Visual Studio Solution File, Format Version 12.00
# Visual Studio Version 17
VisualStudioVersion = 17.3.32819.101
MinimumVisualStudioVersion = 10.0.40219.1
Project("{9A19103F-16F7-4668-BE54-9A1E7A4F7556}") = "BMSClone", "BMSClone\BMSClone.csproj", "{F851C87B-3FD0-403E-9B46-3CB4D45DD4F7}"
EndProject
Project("{FAE04EC0-301F-11D3-BF4B-00C04F79EFBC}") = "BMSCloneTest", "BMSCloneTest\BMSCloneTest.csproj", "{C5A7AE08-63E2-47E6-92C2-C6C9A95F4F13}"
EndProject
Global
	GlobalSection(SolutionConfigurationPlatforms) = preSolution
		Debug|Any CPU = Debug|Any CPU
		Release|Any CPU = Release|Any CPU
	EndGlobalSection
	GlobalSection(ProjectConfigurationPlatforms) = postSolution
		{F851C87B-3FD0-403E-9B46-3CB4D45DD4F7}.Debug|Any CPU.ActiveCfg = Debug|Any CPU
		{F851C87B-3FD0-403E-9B46-3CB4D45DD4F7}.Debug|Any CPU.Build.0 = Debug|Any CPU
		{F851C87B-3FD0-403E-9B46-3CB4D45DD4F7}.Release|Any CPU.ActiveCfg = Release|Any CPU
		{F851C87B-3FD0-403E-9B46-3CB4D45DD4F7}.Release|Any CPU.Build.0 = Release|Any CPU
		{C5A7AE08-63E2-47E6-92C2-C6C9A95F4F13}.Debug|Any CPU.ActiveCfg = Debug|Any CPU
		{C5A7AE08-63E2-47E6-92C2-C6C9A95F4F13}.Debug|Any CPU.Build.0 = Debug|Any CPU
		{C5A7AE08-63E2-47E6-92C2-C6C9A95F4F13}.Release|Any CPU.ActiveCfg = Release|Any CPU
		{C5A7AE08-63E2-47E6-92C2-C6C9A95F4F13}.Release|Any CPU.Build.0 = Release|Any CPU
	EndGlobalSection
	GlobalSection(SolutionProperties) = preSolution
		HideSolutionNode = FALSE
	EndGlobalSection
	GlobalSection(ExtensibilityGlobals) = postSolution
		SolutionGuid = {D2CDEF6A-42AF-4406-B4C5-3D9C6D91E72C}
	EndGlobalSection
EndGlobal
